
Microsoft Visual Studio Solution File, Format Version 12.00
# Visual Studio Version 16
VisualStudioVersion = 16.0.31025.194
MinimumVisualStudioVersion = 10.0.40219.1
Project("{FAE04EC0-301F-11D3-BF4B-00C04F79EFBC}") = "CheckBoxWinApp", "CheckBoxWinApp\CheckBoxWinApp.csproj", "{5B67A7FB-9751-4BC2-8A9B-07E55D806F63}"
EndProject
Project("{FAE04EC0-301F-11D3-BF4B-00C04F79EFBC}") = "RadioWinApp", "RadioWinApp\RadioWinApp.csproj", "{0DFF4556-D624-40B1-A5C8-3BFC52B4911F}"
EndProject
Global
	GlobalSection(SolutionConfigurationPlatforms) = preSolution
		Debug|Any CPU = Debug|Any CPU
		Release|Any CPU = Release|Any CPU
	EndGlobalSection
	GlobalSection(ProjectConfigurationPlatforms) = postSolution
		{5B67A7FB-9751-4BC2-8A9B-07E55D806F63}.Debug|Any CPU.ActiveCfg = Debug|Any CPU
		{5B67A7FB-9751-4BC2-8A9B-07E55D806F63}.Debug|Any CPU.Build.0 = Debug|Any CPU
		{5B67A7FB-9751-4BC2-8A9B-07E55D806F63}.Release|Any CPU.ActiveCfg = Release|Any CPU
		{5B67A7FB-9751-4BC2-8A9B-07E55D806F63}.Release|Any CPU.Build.0 = Release|Any CPU
		{0DFF4556-D624-40B1-A5C8-3BFC52B4911F}.Debug|Any CPU.ActiveCfg = Debug|Any CPU
		{0DFF4556-D624-40B1-A5C8-3BFC52B4911F}.Debug|Any CPU.Build.0 = Debug|Any CPU
		{0DFF4556-D624-40B1-A5C8-3BFC52B4911F}.Release|Any CPU.ActiveCfg = Release|Any CPU
		{0DFF4556-D624-40B1-A5C8-3BFC52B4911F}.Release|Any CPU.Build.0 = Release|Any CPU
	EndGlobalSection
	GlobalSection(SolutionProperties) = preSolution
		HideSolutionNode = FALSE
	EndGlobalSection
	GlobalSection(ExtensibilityGlobals) = postSolution
		SolutionGuid = {F6D8C75B-6561-478F-AAC4-BCAE6BF63ECF}
	EndGlobalSection
EndGlobal
