
Microsoft Visual Studio Solution File, Format Version 12.00
# Visual Studio Version 16
VisualStudioVersion = 16.0.31025.194
MinimumVisualStudioVersion = 10.0.40219.1
Project("{FAE04EC0-301F-11D3-BF4B-00C04F79EFBC}") = "PracticeWinApp", "PracticeApp\PracticeWinApp.csproj", "{05D42699-F57F-4AEB-8305-996A2A9F8ECB}"
EndProject
Global
	GlobalSection(SolutionConfigurationPlatforms) = preSolution
		Debug|Any CPU = Debug|Any CPU
		Release|Any CPU = Release|Any CPU
	EndGlobalSection
	GlobalSection(ProjectConfigurationPlatforms) = postSolution
		{05D42699-F57F-4AEB-8305-996A2A9F8ECB}.Debug|Any CPU.ActiveCfg = Debug|Any CPU
		{05D42699-F57F-4AEB-8305-996A2A9F8ECB}.Debug|Any CPU.Build.0 = Debug|Any CPU
		{05D42699-F57F-4AEB-8305-996A2A9F8ECB}.Release|Any CPU.ActiveCfg = Release|Any CPU
		{05D42699-F57F-4AEB-8305-996A2A9F8ECB}.Release|Any CPU.Build.0 = Release|Any CPU
	EndGlobalSection
	GlobalSection(SolutionProperties) = preSolution
		HideSolutionNode = FALSE
	EndGlobalSection
	GlobalSection(ExtensibilityGlobals) = postSolution
		SolutionGuid = {E69C96F0-FB69-4C97-A343-69CBF6175907}
	EndGlobalSection
EndGlobal
