
Microsoft Visual Studio Solution File, Format Version 12.00
# Visual Studio Version 16
VisualStudioVersion = 16.0.31105.61
MinimumVisualStudioVersion = 10.0.40219.1
Project("{FAE04EC0-301F-11D3-BF4B-00C04F79EFBC}") = "WinCalcApp", "WinCalcApp\WinCalcApp.csproj", "{7E932903-6C6E-4A64-94DF-BC333E957D1C}"
EndProject
Global
	GlobalSection(SolutionConfigurationPlatforms) = preSolution
		Debug|Any CPU = Debug|Any CPU
		Release|Any CPU = Release|Any CPU
	EndGlobalSection
	GlobalSection(ProjectConfigurationPlatforms) = postSolution
		{7E932903-6C6E-4A64-94DF-BC333E957D1C}.Debug|Any CPU.ActiveCfg = Debug|Any CPU
		{7E932903-6C6E-4A64-94DF-BC333E957D1C}.Debug|Any CPU.Build.0 = Debug|Any CPU
		{7E932903-6C6E-4A64-94DF-BC333E957D1C}.Release|Any CPU.ActiveCfg = Release|Any CPU
		{7E932903-6C6E-4A64-94DF-BC333E957D1C}.Release|Any CPU.Build.0 = Release|Any CPU
	EndGlobalSection
	GlobalSection(SolutionProperties) = preSolution
		HideSolutionNode = FALSE
	EndGlobalSection
	GlobalSection(ExtensibilityGlobals) = postSolution
		SolutionGuid = {66D8F54F-AA84-427E-B640-7D0BF89E43B7}
	EndGlobalSection
EndGlobal
